
Microsoft Visual Studio Solution File, Format Version 12.00
# Visual Studio 15
Project("{FAE04EC0-301F-11D3-BF4B-00C04F79EFBC}") = "RadicalForge.Blockout", "RadicalForge.Blockout.csproj", "{228EC023-96FB-0205-A8AD-1E4ABD79EBF8}"
EndProject
Project("{FAE04EC0-301F-11D3-BF4B-00C04F79EFBC}") = "Assembly-CSharp", "Assembly-CSharp.csproj", "{A5AC5610-D8AA-3EC0-5B60-4308AAE239C3}"
EndProject
Project("{FAE04EC0-301F-11D3-BF4B-00C04F79EFBC}") = "RadicalForge.Blockout.Editor", "RadicalForge.Blockout.Editor.csproj", "{7F633034-3C5E-A187-F552-03D53BE248F8}"
EndProject
Global
	GlobalSection(SolutionConfigurationPlatforms) = preSolution
		Debug|Any CPU = Debug|Any CPU
		Release|Any CPU = Release|Any CPU
	EndGlobalSection
	GlobalSection(ProjectConfigurationPlatforms) = postSolution
		{228EC023-96FB-0205-A8AD-1E4ABD79EBF8}.Debug|Any CPU.ActiveCfg = Debug|Any CPU
		{228EC023-96FB-0205-A8AD-1E4ABD79EBF8}.Debug|Any CPU.Build.0 = Debug|Any CPU
		{228EC023-96FB-0205-A8AD-1E4ABD79EBF8}.Release|Any CPU.ActiveCfg = Release|Any CPU
		{228EC023-96FB-0205-A8AD-1E4ABD79EBF8}.Release|Any CPU.Build.0 = Release|Any CPU
		{A5AC5610-D8AA-3EC0-5B60-4308AAE239C3}.Debug|Any CPU.ActiveCfg = Debug|Any CPU
		{A5AC5610-D8AA-3EC0-5B60-4308AAE239C3}.Debug|Any CPU.Build.0 = Debug|Any CPU
		{A5AC5610-D8AA-3EC0-5B60-4308AAE239C3}.Release|Any CPU.ActiveCfg = Release|Any CPU
		{A5AC5610-D8AA-3EC0-5B60-4308AAE239C3}.Release|Any CPU.Build.0 = Release|Any CPU
		{7F633034-3C5E-A187-F552-03D53BE248F8}.Debug|Any CPU.ActiveCfg = Debug|Any CPU
		{7F633034-3C5E-A187-F552-03D53BE248F8}.Debug|Any CPU.Build.0 = Debug|Any CPU
		{7F633034-3C5E-A187-F552-03D53BE248F8}.Release|Any CPU.ActiveCfg = Release|Any CPU
		{7F633034-3C5E-A187-F552-03D53BE248F8}.Release|Any CPU.Build.0 = Release|Any CPU
	EndGlobalSection
	GlobalSection(SolutionProperties) = preSolution
		HideSolutionNode = FALSE
	EndGlobalSection
EndGlobal
